// !$*UTF8*$!
{
	archiveVersion = 1;
	classes = {
	};
	objectVersion = 77;
	objects = {

/* Begin PBXBuildFile section */
		40C663859FCC8E0131085898 /* Pods_SDKDemoTests.framework in Frameworks */ = {isa = PBXBuildFile; fileRef = 28F1EB9BCD766C69B3ECC0DD /* Pods_SDKDemoTests.framework */; };
		57B0F5ABA6814BCE865723B5 /* Pods_SDKDemo.framework in Frameworks */ = {isa = PBXBuildFile; fileRef = 087244DBAC3D5645CC224E33 /* Pods_SDKDemo.framework */; };
		B22D2AAB291F4DED51E0DE02 /* Pods_SDKDemo_SDKDemoUITests.framework in Frameworks */ = {isa = PBXBuildFile; fileRef = 9A8975A3212C770A63208E38 /* Pods_SDKDemo_SDKDemoUITests.framework */; };
/* End PBXBuildFile section */

/* Begin PBXContainerItemProxy section */
		BAD1FF0E2F7506A9002B5CBA /* PBXContainerItemProxy */ = {
			isa = PBXContainerItemProxy;
			containerPortal = BAD1FEEF2F7506A8002B5CBA /* Project object */;
			proxyType = 1;
			remoteGlobalIDString = BAD1FEF62F7506A8002B5CBA;
			remoteInfo = SDKDemo;
		};
		BAD1FF182F7506A9002B5CBA /* PBXContainerItemProxy */ = {
			isa = PBXContainerItemProxy;
			containerPortal = BAD1FEEF2F7506A8002B5CBA /* Project object */;
			proxyType = 1;
			remoteGlobalIDString = BAD1FEF62F7506A8002B5CBA;
			remoteInfo = SDKDemo;
		};
/* End PBXContainerItemProxy section */

/* Begin PBXFileReference section */
		087244DBAC3D5645CC224E33 /* Pods_SDKDemo.framework */ = {isa = PBXFileReference; explicitFileType = wrapper.framework; includeInIndex = 0; path = Pods_SDKDemo.framework; sourceTree = BUILT_PRODUCTS_DIR; };
		28F1EB9BCD766C69B3ECC0DD /* Pods_SDKDemoTests.framework */ = {isa = PBXFileReference; explicitFileType = wrapper.framework; includeInIndex = 0; path = Pods_SDKDemoTests.framework; sourceTree = BUILT_PRODUCTS_DIR; };
		38DE459D5544B1118813492D /* Pods-SDKDemoTests.release.xcconfig */ = {isa = PBXFileReference; includeInIndex = 1; lastKnownFileType = text.xcconfig; name = "Pods-SDKDemoTests.release.xcconfig"; path = "Target Support Files/Pods-SDKDemoTests/Pods-SDKDemoTests.release.xcconfig"; sourceTree = "<group>"; };
		6856E771F5D6690413FDE74A /* Pods-SDKDemo.debug.xcconfig */ = {isa = PBXFileReference; includeInIndex = 1; lastKnownFileType = text.xcconfig; name = "Pods-SDKDemo.debug.xcconfig"; path = "Target Support Files/Pods-SDKDemo/Pods-SDKDemo.debug.xcconfig"; sourceTree = "<group>"; };
		9A8975A3212C770A63208E38 /* Pods_SDKDemo_SDKDemoUITests.framework */ = {isa = PBXFileReference; explicitFileType = wrapper.framework; includeInIndex = 0; path = Pods_SDKDemo_SDKDemoUITests.framework; sourceTree = BUILT_PRODUCTS_DIR; };
		A4400D9FE39D01A97A0E9066 /* Pods-SDKDemo-SDKDemoUITests.release.xcconfig */ = {isa = PBXFileReference; includeInIndex = 1; lastKnownFileType = text.xcconfig; name = "Pods-SDKDemo-SDKDemoUITests.release.xcconfig"; path = "Target Support Files/Pods-SDKDemo-SDKDemoUITests/Pods-SDKDemo-SDKDemoUITests.release.xcconfig"; sourceTree = "<group>"; };
		AD80ED5206F4FC2211115A42 /* Pods-SDKDemo.release.xcconfig */ = {isa = PBXFileReference; includeInIndex = 1; lastKnownFileType = text.xcconfig; name = "Pods-SDKDemo.release.xcconfig"; path = "Target Support Files/Pods-SDKDemo/Pods-SDKDemo.release.xcconfig"; sourceTree = "<group>"; };
		B8685DDCD25CDB98D22531B6 /* Pods-SDKDemoTests.debug.xcconfig */ = {isa = PBXFileReference; includeInIndex = 1; lastKnownFileType = text.xcconfig; name = "Pods-SDKDemoTests.debug.xcconfig"; path = "Target Support Files/Pods-SDKDemoTests/Pods-SDKDemoTests.debug.xcconfig"; sourceTree = "<group>"; };
		BAD1FEF72F7506A8002B5CBA /* SDKDemo.app */ = {isa = PBXFileReference; explicitFileType = wrapper.application; includeInIndex = 0; path = SDKDemo.app; sourceTree = BUILT_PRODUCTS_DIR; };
		BAD1FF0D2F7506A9002B5CBA /* SDKDemoTests.xctest */ = {isa = PBXFileReference; explicitFileType = wrapper.cfbundle; includeInIndex = 0; path = SDKDemoTests.xctest; sourceTree = BUILT_PRODUCTS_DIR; };
		BAD1FF172F7506A9002B5CBA /* SDKDemoUITests.xctest */ = {isa = PBXFileReference; explicitFileType = wrapper.cfbundle; includeInIndex = 0; path = SDKDemoUITests.xctest; sourceTree = BUILT_PRODUCTS_DIR; };
		EAA356AFE014DED079FDB479 /* Pods-SDKDemo-SDKDemoUITests.debug.xcconfig */ = {isa = PBXFileReference; includeInIndex = 1; lastKnownFileType = text.xcconfig; name = "Pods-SDKDemo-SDKDemoUITests.debug.xcconfig"; path = "Target Support Files/Pods-SDKDemo-SDKDemoUITests/Pods-SDKDemo-SDKDemoUITests.debug.xcconfig"; sourceTree = "<group>"; };
/* End PBXFileReference section */

/* Begin PBXFileSystemSynchronizedBuildFileExceptionSet section */
		BAD1FF1F2F7506A9002B5CBA /* Exceptions for "SDKDemo" folder in "SDKDemo" target */ = {
			isa = PBXFileSystemSynchronizedBuildFileExceptionSet;
			membershipExceptions = (
				Info.plist,
			);
			target = BAD1FEF62F7506A8002B5CBA /* SDKDemo */;
		};
/* End PBXFileSystemSynchronizedBuildFileExceptionSet section */

/* Begin PBXFileSystemSynchronizedRootGroup section */
		BAD1FEF92F7506A8002B5CBA /* SDKDemo */ = {
			isa = PBXFileSystemSynchronizedRootGroup;
			exceptions = (
				BAD1FF1F2F7506A9002B5CBA /* Exceptions for "SDKDemo" folder in "SDKDemo" target */,
			);
			path = SDKDemo;
			sourceTree = "<group>";
		};
		BAD1FF102F7506A9002B5CBA /* SDKDemoTests */ = {
			isa = PBXFileSystemSynchronizedRootGroup;
			path = SDKDemoTests;
			sourceTree = "<group>";
		};
		BAD1FF1A2F7506A9002B5CBA /* SDKDemoUITests */ = {
			isa = PBXFileSystemSynchronizedRootGroup;
			path = SDKDemoUITests;
			sourceTree = "<group>";
		};
/* End PBXFileSystemSynchronizedRootGroup section */

/* Begin PBXFrameworksBuildPhase section */
		BAD1FEF42F7506A8002B5CBA /* Frameworks */ = {
			isa = PBXFrameworksBuildPhase;
			buildActionMask = 2147483647;
			files = (
				57B0F5ABA6814BCE865723B5 /* Pods_SDKDemo.framework in Frameworks */,
			);
			runOnlyForDeploymentPostprocessing = 0;
		};
		BAD1FF0A2F7506A9002B5CBA /* Frameworks */ = {
			isa = PBXFrameworksBuildPhase;
			buildActionMask = 2147483647;
			files = (
				40C663859FCC8E0131085898 /* Pods_SDKDemoTests.framework in Frameworks */,
			);
			runOnlyForDeploymentPostprocessing = 0;
		};
		BAD1FF142F7506A9002B5CBA /* Frameworks */ = {
			isa = PBXFrameworksBuildPhase;
			buildActionMask = 2147483647;
			files = (
				B22D2AAB291F4DED51E0DE02 /* Pods_SDKDemo_SDKDemoUITests.framework in Frameworks */,
			);
			runOnlyForDeploymentPostprocessing = 0;
		};
/* End PBXFrameworksBuildPhase section */

/* Begin PBXGroup section */
		AF34577935344A81683D3769 /* Frameworks */ = {
			isa = PBXGroup;
			children = (
				087244DBAC3D5645CC224E33 /* Pods_SDKDemo.framework */,
				9A8975A3212C770A63208E38 /* Pods_SDKDemo_SDKDemoUITests.framework */,
				28F1EB9BCD766C69B3ECC0DD /* Pods_SDKDemoTests.framework */,
			);
			name = Frameworks;
			sourceTree = "<group>";
		};
		BAD1FEEE2F7506A8002B5CBA = {
			isa = PBXGroup;
			children = (
				BAD1FEF92F7506A8002B5CBA /* SDKDemo */,
				BAD1FF102F7506A9002B5CBA /* SDKDemoTests */,
				BAD1FF1A2F7506A9002B5CBA /* SDKDemoUITests */,
				BAD1FEF82F7506A8002B5CBA /* Products */,
				CB14D3C3F25FA2B9EC888D75 /* Pods */,
				AF34577935344A81683D3769 /* Frameworks */,
			);
			sourceTree = "<group>";
		};
		BAD1FEF82F7506A8002B5CBA /* Products */ = {
			isa = PBXGroup;
			children = (
				BAD1FEF72F7506A8002B5CBA /* SDKDemo.app */,
				BAD1FF0D2F7506A9002B5CBA /* SDKDemoTests.xctest */,
				BAD1FF172F7506A9002B5CBA /* SDKDemoUITests.xctest */,
			);
			name = Products;
			sourceTree = "<group>";
		};
		CB14D3C3F25FA2B9EC888D75 /* Pods */ = {
			isa = PBXGroup;
			children = (
				6856E771F5D6690413FDE74A /* Pods-SDKDemo.debug.xcconfig */,
				AD80ED5206F4FC2211115A42 /* Pods-SDKDemo.release.xcconfig */,
				EAA356AFE014DED079FDB479 /* Pods-SDKDemo-SDKDemoUITests.debug.xcconfig */,
				A4400D9FE39D01A97A0E9066 /* Pods-SDKDemo-SDKDemoUITests.release.xcconfig */,
				B8685DDCD25CDB98D22531B6 /* Pods-SDKDemoTests.debug.xcconfig */,
				38DE459D5544B1118813492D /* Pods-SDKDemoTests.release.xcconfig */,
			);
			path = Pods;
			sourceTree = "<group>";
		};
/* End PBXGroup section */

/* Begin PBXNativeTarget section */
		BAD1FEF62F7506A8002B5CBA /* SDKDemo */ = {
			isa = PBXNativeTarget;
			buildConfigurationList = BAD1FF202F7506A9002B5CBA /* Build configuration list for PBXNativeTarget "SDKDemo" */;
			buildPhases = (
				70E5CC9DD53B72D03449059B /* [CP] Check Pods Manifest.lock */,
				BAD1FEF32F7506A8002B5CBA /* Sources */,
				BAD1FEF42F7506A8002B5CBA /* Frameworks */,
				BAD1FEF52F7506A8002B5CBA /* Resources */,
				E27997E51C94A13D98AF1A04 /* [CP] Embed Pods Frameworks */,
			);
			buildRules = (
			);
			dependencies = (
			);
			fileSystemSynchronizedGroups = (
				BAD1FEF92F7506A8002B5CBA /* SDKDemo */,
			);
			name = SDKDemo;
			productName = SDKDemo;
			productReference = BAD1FEF72F7506A8002B5CBA /* SDKDemo.app */;
			productType = "com.apple.product-type.application";
		};
		BAD1FF0C2F7506A9002B5CBA /* SDKDemoTests */ = {
			isa = PBXNativeTarget;
			buildConfigurationList = BAD1FF252F7506A9002B5CBA /* Build configuration list for PBXNativeTarget "SDKDemoTests" */;
			buildPhases = (
				D5C93CF69874071C75A7FD85 /* [CP] Check Pods Manifest.lock */,
				BAD1FF092F7506A9002B5CBA /* Sources */,
				BAD1FF0A2F7506A9002B5CBA /* Frameworks */,
				BAD1FF0B2F7506A9002B5CBA /* Resources */,
			);
			buildRules = (
			);
			dependencies = (
				BAD1FF0F2F7506A9002B5CBA /* PBXTargetDependency */,
			);
			fileSystemSynchronizedGroups = (
				BAD1FF102F7506A9002B5CBA /* SDKDemoTests */,
			);
			name = SDKDemoTests;
			productName = SDKDemoTests;
			productReference = BAD1FF0D2F7506A9002B5CBA /* SDKDemoTests.xctest */;
			productType = "com.apple.product-type.bundle.unit-test";
		};
		BAD1FF162F7506A9002B5CBA /* SDKDemoUITests */ = {
			isa = PBXNativeTarget;
			buildConfigurationList = BAD1FF282F7506A9002B5CBA /* Build configuration list for PBXNativeTarget "SDKDemoUITests" */;
			buildPhases = (
				406A83A88015FC8794F6ADA5 /* [CP] Check Pods Manifest.lock */,
				BAD1FF132F7506A9002B5CBA /* Sources */,
				BAD1FF142F7506A9002B5CBA /* Frameworks */,
				BAD1FF152F7506A9002B5CBA /* Resources */,
				7247B0D68F4D0D6FD89D0C04 /* [CP] Embed Pods Frameworks */,
			);
			buildRules = (
			);
			dependencies = (
				BAD1FF192F7506A9002B5CBA /* PBXTargetDependency */,
			);
			fileSystemSynchronizedGroups = (
				BAD1FF1A2F7506A9002B5CBA /* SDKDemoUITests */,
			);
			name = SDKDemoUITests;
			productName = SDKDemoUITests;
			productReference = BAD1FF172F7506A9002B5CBA /* SDKDemoUITests.xctest */;
			productType = "com.apple.product-type.bundle.ui-testing";
		};
/* End PBXNativeTarget section */

/* Begin PBXProject section */
		BAD1FEEF2F7506A8002B5CBA /* Project object */ = {
			isa = PBXProject;
			attributes = {
				BuildIndependentTargetsInParallel = 1;
				LastSwiftUpdateCheck = 2620;
				LastUpgradeCheck = 2620;
				TargetAttributes = {
					BAD1FEF62F7506A8002B5CBA = {
						CreatedOnToolsVersion = 26.2;
					};
					BAD1FF0C2F7506A9002B5CBA = {
						CreatedOnToolsVersion = 26.2;
						TestTargetID = BAD1FEF62F7506A8002B5CBA;
					};
					BAD1FF162F7506A9002B5CBA = {
						CreatedOnToolsVersion = 26.2;
						TestTargetID = BAD1FEF62F7506A8002B5CBA;
					};
				};
			};
			buildConfigurationList = BAD1FEF22F7506A8002B5CBA /* Build configuration list for PBXProject "SDKDemo" */;
			developmentRegion = en;
			hasScannedForEncodings = 0;
			knownRegions = (
				en,
				Base,
			);
			mainGroup = BAD1FEEE2F7506A8002B5CBA;
			minimizedProjectReferenceProxies = 1;
			preferredProjectObjectVersion = 77;
			productRefGroup = BAD1FEF82F7506A8002B5CBA /* Products */;
			projectDirPath = "";
			projectRoot = "";
			targets = (
				BAD1FEF62F7506A8002B5CBA /* SDKDemo */,
				BAD1FF0C2F7506A9002B5CBA /* SDKDemoTests */,
				BAD1FF162F7506A9002B5CBA /* SDKDemoUITests */,
			);
		};
/* End PBXProject section */

/* Begin PBXResourcesBuildPhase section */
		BAD1FEF52F7506A8002B5CBA /* Resources */ = {
			isa = PBXResourcesBuildPhase;
			buildActionMask = 2147483647;
			files = (
			);
			runOnlyForDeploymentPostprocessing = 0;
		};
		BAD1FF0B2F7506A9002B5CBA /* Resources */ = {
			isa = PBXResourcesBuildPhase;
			buildActionMask = 2147483647;
			files = (
			);
			runOnlyForDeploymentPostprocessing = 0;
		};
		BAD1FF152F7506A9002B5CBA /* Resources */ = {
			isa = PBXResourcesBuildPhase;
			buildActionMask = 2147483647;
			files = (
			);
			runOnlyForDeploymentPostprocessing = 0;
		};
/* End PBXResourcesBuildPhase section */

/* Begin PBXShellScriptBuildPhase section */
		406A83A88015FC8794F6ADA5 /* [CP] Check Pods Manifest.lock */ = {
			isa = PBXShellScriptBuildPhase;
			buildActionMask = 2147483647;
			files = (
			);
			inputFileListPaths = (
			);
			inputPaths = (
				"${PODS_PODFILE_DIR_PATH}/Podfile.lock",
				"${PODS_ROOT}/Manifest.lock",
			);
			name = "[CP] Check Pods Manifest.lock";
			outputFileListPaths = (
			);
			outputPaths = (
				"$(DERIVED_FILE_DIR)/Pods-SDKDemo-SDKDemoUITests-checkManifestLockResult.txt",
			);
			runOnlyForDeploymentPostprocessing = 0;
			shellPath = /bin/sh;
			shellScript = "diff \"${PODS_PODFILE_DIR_PATH}/Podfile.lock\" \"${PODS_ROOT}/Manifest.lock\" > /dev/null\nif [ $? != 0 ] ; then\n    # print error to STDERR\n    echo \"error: The sandbox is not in sync with the Podfile.lock. Run 'pod install' or update your CocoaPods installation.\" >&2\n    exit 1\nfi\n# This output is used by Xcode 'outputs' to avoid re-running this script phase.\necho \"SUCCESS\" > \"${SCRIPT_OUTPUT_FILE_0}\"\n";
			showEnvVarsInLog = 0;
		};
		70E5CC9DD53B72D03449059B /* [CP] Check Pods Manifest.lock */ = {
			isa = PBXShellScriptBuildPhase;
			buildActionMask = 2147483647;
			files = (
			);
			inputFileListPaths = (
			);
			inputPaths = (
				"${PODS_PODFILE_DIR_PATH}/Podfile.lock",
				"${PODS_ROOT}/Manifest.lock",
			);
			name = "[CP] Check Pods Manifest.lock";
			outputFileListPaths = (
			);
			outputPaths = (
				"$(DERIVED_FILE_DIR)/Pods-SDKDemo-checkManifestLockResult.txt",
			);
			runOnlyForDeploymentPostprocessing = 0;
			shellPath = /bin/sh;
			shellScript = "diff \"${PODS_PODFILE_DIR_PATH}/Podfile.lock\" \"${PODS_ROOT}/Manifest.lock\" > /dev/null\nif [ $? != 0 ] ; then\n    # print error to STDERR\n    echo \"error: The sandbox is not in sync with the Podfile.lock. Run 'pod install' or update your CocoaPods installation.\" >&2\n    exit 1\nfi\n# This output is used by Xcode 'outputs' to avoid re-running this script phase.\necho \"SUCCESS\" > \"${SCRIPT_OUTPUT_FILE_0}\"\n";
			showEnvVarsInLog = 0;
		};
		7247B0D68F4D0D6FD89D0C04 /* [CP] Embed Pods Frameworks */ = {
			isa = PBXShellScriptBuildPhase;
			buildActionMask = 2147483647;
			files = (
			);
			inputFileListPaths = (
				"${PODS_ROOT}/Target Support Files/Pods-SDKDemo-SDKDemoUITests/Pods-SDKDemo-SDKDemoUITests-frameworks-${CONFIGURATION}-input-files.xcfilelist",
			);
			inputPaths = (
			);
			name = "[CP] Embed Pods Frameworks";
			outputFileListPaths = (
				"${PODS_ROOT}/Target Support Files/Pods-SDKDemo-SDKDemoUITests/Pods-SDKDemo-SDKDemoUITests-frameworks-${CONFIGURATION}-output-files.xcfilelist",
			);
			outputPaths = (
			);
			runOnlyForDeploymentPostprocessing = 0;
			shellPath = /bin/sh;
			shellScript = "\"${PODS_ROOT}/Target Support Files/Pods-SDKDemo-SDKDemoUITests/Pods-SDKDemo-SDKDemoUITests-frameworks.sh\"\n";
			showEnvVarsInLog = 0;
		};
		D5C93CF69874071C75A7FD85 /* [CP] Check Pods Manifest.lock */ = {
			isa = PBXShellScriptBuildPhase;
			buildActionMask = 2147483647;
			files = (
			);
			inputFileListPaths = (
			);
			inputPaths = (
				"${PODS_PODFILE_DIR_PATH}/Podfile.lock",
				"${PODS_ROOT}/Manifest.lock",
			);
			name = "[CP] Check Pods Manifest.lock";
			outputFileListPaths = (
			);
			outputPaths = (
				"$(DERIVED_FILE_DIR)/Pods-SDKDemoTests-checkManifestLockResult.txt",
			);
			runOnlyForDeploymentPostprocessing = 0;
			shellPath = /bin/sh;
			shellScript = "diff \"${PODS_PODFILE_DIR_PATH}/Podfile.lock\" \"${PODS_ROOT}/Manifest.lock\" > /dev/null\nif [ $? != 0 ] ; then\n    # print error to STDERR\n    echo \"error: The sandbox is not in sync with the Podfile.lock. Run 'pod install' or update your CocoaPods installation.\" >&2\n    exit 1\nfi\n# This output is used by Xcode 'outputs' to avoid re-running this script phase.\necho \"SUCCESS\" > \"${SCRIPT_OUTPUT_FILE_0}\"\n";
			showEnvVarsInLog = 0;
		};
		E27997E51C94A13D98AF1A04 /* [CP] Embed Pods Frameworks */ = {
			isa = PBXShellScriptBuildPhase;
			buildActionMask = 2147483647;
			files = (
			);
			inputFileListPaths = (
				"${PODS_ROOT}/Target Support Files/Pods-SDKDemo/Pods-SDKDemo-frameworks-${CONFIGURATION}-input-files.xcfilelist",
			);
			inputPaths = (
			);
			name = "[CP] Embed Pods Frameworks";
			outputFileListPaths = (
				"${PODS_ROOT}/Target Support Files/Pods-SDKDemo/Pods-SDKDemo-frameworks-${CONFIGURATION}-output-files.xcfilelist",
			);
			outputPaths = (
			);
			runOnlyForDeploymentPostprocessing = 0;
			shellPath = /bin/sh;
			shellScript = "\"${PODS_ROOT}/Target Support Files/Pods-SDKDemo/Pods-SDKDemo-frameworks.sh\"\n";
			showEnvVarsInLog = 0;
		};
/* End PBXShellScriptBuildPhase section */

/* Begin PBXSourcesBuildPhase section */
		BAD1FEF32F7506A8002B5CBA /* Sources */ = {
			isa = PBXSourcesBuildPhase;
			buildActionMask = 2147483647;
			files = (
			);
			runOnlyForDeploymentPostprocessing = 0;
		};
		BAD1FF092F7506A9002B5CBA /* Sources */ = {
			isa = PBXSourcesBuildPhase;
			buildActionMask = 2147483647;
			files = (
			);
			runOnlyForDeploymentPostprocessing = 0;
		};
		BAD1FF132F7506A9002B5CBA /* Sources */ = {
			isa = PBXSourcesBuildPhase;
			buildActionMask = 2147483647;
			files = (
			);
			runOnlyForDeploymentPostprocessing = 0;
		};
/* End PBXSourcesBuildPhase section */

/* Begin PBXTargetDependency section */
		BAD1FF0F2F7506A9002B5CBA /* PBXTargetDependency */ = {
			isa = PBXTargetDependency;
			target = BAD1FEF62F7506A8002B5CBA /* SDKDemo */;
			targetProxy = BAD1FF0E2F7506A9002B5CBA /* PBXContainerItemProxy */;
		};
		BAD1FF192F7506A9002B5CBA /* PBXTargetDependency */ = {
			isa = PBXTargetDependency;
			target = BAD1FEF62F7506A8002B5CBA /* SDKDemo */;
			targetProxy = BAD1FF182F7506A9002B5CBA /* PBXContainerItemProxy */;
		};
/* End PBXTargetDependency section */

/* Begin XCBuildConfiguration section */
		BAD1FF212F7506A9002B5CBA /* Debug */ = {
			isa = XCBuildConfiguration;
			baseConfigurationReference = 6856E771F5D6690413FDE74A /* Pods-SDKDemo.debug.xcconfig */;
			buildSettings = {
				ASSETCATALOG_COMPILER_APPICON_NAME = AppIcon;
				ASSETCATALOG_COMPILER_GLOBAL_ACCENT_COLOR_NAME = AccentColor;
				CODE_SIGN_STYLE = Automatic;
				CURRENT_PROJECT_VERSION = 1;
				DEVELOPMENT_TEAM = FK9K4NGB5Q;
				ENABLE_USER_SCRIPT_SANDBOXING = NO;
				GENERATE_INFOPLIST_FILE = NO;
				INFOPLIST_FILE = SDKDemo/Info.plist;
				INFOPLIST_KEY_CFBundleDisplayName = "Tmk Translation";
				INFOPLIST_KEY_UIApplicationSupportsIndirectInputEvents = YES;
				INFOPLIST_KEY_UILaunchStoryboardName = LaunchScreen;
				INFOPLIST_KEY_UIMainStoryboardFile = Main;
				INFOPLIST_KEY_UISupportedInterfaceOrientations_iPad = "UIInterfaceOrientationPortrait UIInterfaceOrientationPortraitUpsideDown UIInterfaceOrientationLandscapeLeft UIInterfaceOrientationLandscapeRight";
				INFOPLIST_KEY_UISupportedInterfaceOrientations_iPhone = "UIInterfaceOrientationPortrait UIInterfaceOrientationLandscapeLeft UIInterfaceOrientationLandscapeRight";
				IPHONEOS_DEPLOYMENT_TARGET = 15.0;
				LD_RUNPATH_SEARCH_PATHS = (
					"$(inherited)",
					"@executable_path/Frameworks",
				);
				MARKETING_VERSION = 1.0;
				PRODUCT_BUNDLE_IDENTIFIER = co.timekettle.saas.sdk.demo.SDKDemo;
				PRODUCT_NAME = "$(TARGET_NAME)";
				STRING_CATALOG_GENERATE_SYMBOLS = YES;
				SWIFT_APPROACHABLE_CONCURRENCY = YES;
				SWIFT_DEFAULT_ACTOR_ISOLATION = MainActor;
				SWIFT_EMIT_LOC_STRINGS = YES;
				SWIFT_UPCOMING_FEATURE_MEMBER_IMPORT_VISIBILITY = YES;
				SWIFT_VERSION = 5.0;
				TARGETED_DEVICE_FAMILY = "1,2";
			};
			name = Debug;
		};
		BAD1FF222F7506A9002B5CBA /* Release */ = {
			isa = XCBuildConfiguration;
			baseConfigurationReference = AD80ED5206F4FC2211115A42 /* Pods-SDKDemo.release.xcconfig */;
			buildSettings = {
				ASSETCATALOG_COMPILER_APPICON_NAME = AppIcon;
				ASSETCATALOG_COMPILER_GLOBAL_ACCENT_COLOR_NAME = AccentColor;
				CODE_SIGN_STYLE = Automatic;
				CURRENT_PROJECT_VERSION = 1;
				DEVELOPMENT_TEAM = FK9K4NGB5Q;
				ENABLE_USER_SCRIPT_SANDBOXING = NO;
				GENERATE_INFOPLIST_FILE = NO;
				INFOPLIST_FILE = SDKDemo/Info.plist;
				INFOPLIST_KEY_CFBundleDisplayName = "Tmk Translation";
				INFOPLIST_KEY_UIApplicationSupportsIndirectInputEvents = YES;
				INFOPLIST_KEY_UILaunchStoryboardName = LaunchScreen;
				INFOPLIST_KEY_UIMainStoryboardFile = Main;
				INFOPLIST_KEY_UISupportedInterfaceOrientations_iPad = "UIInterfaceOrientationPortrait UIInterfaceOrientationPortraitUpsideDown UIInterfaceOrientationLandscapeLeft UIInterfaceOrientationLandscapeRight";
				INFOPLIST_KEY_UISupportedInterfaceOrientations_iPhone = "UIInterfaceOrientationPortrait UIInterfaceOrientationLandscapeLeft UIInterfaceOrientationLandscapeRight";
				IPHONEOS_DEPLOYMENT_TARGET = 15.0;
				LD_RUNPATH_SEARCH_PATHS = (
					"$(inherited)",
					"@executable_path/Frameworks",
				);
				MARKETING_VERSION = 1.0;
				PRODUCT_BUNDLE_IDENTIFIER = co.timekettle.saas.sdk.demo.SDKDemo;
				PRODUCT_NAME = "$(TARGET_NAME)";
				STRING_CATALOG_GENERATE_SYMBOLS = YES;
				SWIFT_APPROACHABLE_CONCURRENCY = YES;
				SWIFT_DEFAULT_ACTOR_ISOLATION = MainActor;
				SWIFT_EMIT_LOC_STRINGS = YES;
				SWIFT_UPCOMING_FEATURE_MEMBER_IMPORT_VISIBILITY = YES;
				SWIFT_VERSION = 5.0;
				TARGETED_DEVICE_FAMILY = "1,2";
			};
			name = Release;
		};
		BAD1FF232F7506A9002B5CBA /* Debug */ = {
			isa = XCBuildConfiguration;
			buildSettings = {
				ALWAYS_SEARCH_USER_PATHS = NO;
				ASSETCATALOG_COMPILER_GENERATE_SWIFT_ASSET_SYMBOL_EXTENSIONS = YES;
				CLANG_ANALYZER_NONNULL = YES;
				CLANG_ANALYZER_NUMBER_OBJECT_CONVERSION = YES_AGGRESSIVE;
				CLANG_CXX_LANGUAGE_STANDARD = "gnu++20";
				CLANG_ENABLE_MODULES = YES;
				CLANG_ENABLE_OBJC_ARC = YES;
				CLANG_ENABLE_OBJC_WEAK = YES;
				CLANG_WARN_BLOCK_CAPTURE_AUTORELEASING = YES;
				CLANG_WARN_BOOL_CONVERSION = YES;
				CLANG_WARN_COMMA = YES;
				CLANG_WARN_CONSTANT_CONVERSION = YES;
				CLANG_WARN_DEPRECATED_OBJC_IMPLEMENTATIONS = YES;
				CLANG_WARN_DIRECT_OBJC_ISA_USAGE = YES_ERROR;
				CLANG_WARN_DOCUMENTATION_COMMENTS = YES;
				CLANG_WARN_EMPTY_BODY = YES;
				CLANG_WARN_ENUM_CONVERSION = YES;
				CLANG_WARN_INFINITE_RECURSION = YES;
				CLANG_WARN_INT_CONVERSION = YES;
				CLANG_WARN_NON_LITERAL_NULL_CONVERSION = YES;
				CLANG_WARN_OBJC_IMPLICIT_RETAIN_SELF = YES;
				CLANG_WARN_OBJC_LITERAL_CONVERSION = YES;
				CLANG_WARN_OBJC_ROOT_CLASS = YES_ERROR;
				CLANG_WARN_QUOTED_INCLUDE_IN_FRAMEWORK_HEADER = YES;
				CLANG_WARN_RANGE_LOOP_ANALYSIS = YES;
				CLANG_WARN_STRICT_PROTOTYPES = YES;
				CLANG_WARN_SUSPICIOUS_MOVE = YES;
				CLANG_WARN_UNGUARDED_AVAILABILITY = YES_AGGRESSIVE;
				CLANG_WARN_UNREACHABLE_CODE = YES;
				CLANG_WARN__DUPLICATE_METHOD_MATCH = YES;
				COPY_PHASE_STRIP = NO;
				DEBUG_INFORMATION_FORMAT = dwarf;
				DEVELOPMENT_TEAM = 4V63DMZ57Y;
				ENABLE_STRICT_OBJC_MSGSEND = YES;
				ENABLE_TESTABILITY = YES;
				ENABLE_USER_SCRIPT_SANDBOXING = YES;
				GCC_C_LANGUAGE_STANDARD = gnu17;
				GCC_DYNAMIC_NO_PIC = NO;
				GCC_NO_COMMON_BLOCKS = YES;
				GCC_OPTIMIZATION_LEVEL = 0;
				GCC_PREPROCESSOR_DEFINITIONS = (
					"DEBUG=1",
					"$(inherited)",
				);
				GCC_WARN_64_TO_32_BIT_CONVERSION = YES;
				GCC_WARN_ABOUT_RETURN_TYPE = YES_ERROR;
				GCC_WARN_UNDECLARED_SELECTOR = YES;
				GCC_WARN_UNINITIALIZED_AUTOS = YES_AGGRESSIVE;
				GCC_WARN_UNUSED_FUNCTION = YES;
				GCC_WARN_UNUSED_VARIABLE = YES;
				IPHONEOS_DEPLOYMENT_TARGET = 26.2;
				LOCALIZATION_PREFERS_STRING_CATALOGS = YES;
				MTL_ENABLE_DEBUG_INFO = INCLUDE_SOURCE;
				MTL_FAST_MATH = YES;
				ONLY_ACTIVE_ARCH = YES;
				SDKROOT = iphoneos;
				SWIFT_ACTIVE_COMPILATION_CONDITIONS = "DEBUG $(inherited)";
				SWIFT_OPTIMIZATION_LEVEL = "-Onone";
			};
			name = Debug;
		};
		BAD1FF242F7506A9002B5CBA /* Release */ = {
			isa = XCBuildConfiguration;
			buildSettings = {
				ALWAYS_SEARCH_USER_PATHS = NO;
				ASSETCATALOG_COMPILER_GENERATE_SWIFT_ASSET_SYMBOL_EXTENSIONS = YES;
				CLANG_ANALYZER_NONNULL = YES;
				CLANG_ANALYZER_NUMBER_OBJECT_CONVERSION = YES_AGGRESSIVE;
				CLANG_CXX_LANGUAGE_STANDARD = "gnu++20";
				CLANG_ENABLE_MODULES = YES;
				CLANG_ENABLE_OBJC_ARC = YES;
				CLANG_ENABLE_OBJC_WEAK = YES;
				CLANG_WARN_BLOCK_CAPTURE_AUTORELEASING = YES;
				CLANG_WARN_BOOL_CONVERSION = YES;
				CLANG_WARN_COMMA = YES;
				CLANG_WARN_CONSTANT_CONVERSION = YES;
				CLANG_WARN_DEPRECATED_OBJC_IMPLEMENTATIONS = YES;
				CLANG_WARN_DIRECT_OBJC_ISA_USAGE = YES_ERROR;
				CLANG_WARN_DOCUMENTATION_COMMENTS = YES;
				CLANG_WARN_EMPTY_BODY = YES;
				CLANG_WARN_ENUM_CONVERSION = YES;
				CLANG_WARN_INFINITE_RECURSION = YES;
				CLANG_WARN_INT_CONVERSION = YES;
				CLANG_WARN_NON_LITERAL_NULL_CONVERSION = YES;
				CLANG_WARN_OBJC_IMPLICIT_RETAIN_SELF = YES;
				CLANG_WARN_OBJC_LITERAL_CONVERSION = YES;
				CLANG_WARN_OBJC_ROOT_CLASS = YES_ERROR;
				CLANG_WARN_QUOTED_INCLUDE_IN_FRAMEWORK_HEADER = YES;
				CLANG_WARN_RANGE_LOOP_ANALYSIS = YES;
				CLANG_WARN_STRICT_PROTOTYPES = YES;
				CLANG_WARN_SUSPICIOUS_MOVE = YES;
				CLANG_WARN_UNGUARDED_AVAILABILITY = YES_AGGRESSIVE;
				CLANG_WARN_UNREACHABLE_CODE = YES;
				CLANG_WARN__DUPLICATE_METHOD_MATCH = YES;
				COPY_PHASE_STRIP = NO;
				DEBUG_INFORMATION_FORMAT = "dwarf-with-dsym";
				DEVELOPMENT_TEAM = 4V63DMZ57Y;
				ENABLE_NS_ASSERTIONS = NO;
				ENABLE_STRICT_OBJC_MSGSEND = YES;
				ENABLE_USER_SCRIPT_SANDBOXING = YES;
				GCC_C_LANGUAGE_STANDARD = gnu17;
				GCC_NO_COMMON_BLOCKS = YES;
				GCC_WARN_64_TO_32_BIT_CONVERSION = YES;
				GCC_WARN_ABOUT_RETURN_TYPE = YES_ERROR;
				GCC_WARN_UNDECLARED_SELECTOR = YES;
				GCC_WARN_UNINITIALIZED_AUTOS = YES_AGGRESSIVE;
				GCC_WARN_UNUSED_FUNCTION = YES;
				GCC_WARN_UNUSED_VARIABLE = YES;
				IPHONEOS_DEPLOYMENT_TARGET = 26.2;
				LOCALIZATION_PREFERS_STRING_CATALOGS = YES;
				MTL_ENABLE_DEBUG_INFO = NO;
				MTL_FAST_MATH = YES;
				SDKROOT = iphoneos;
				SWIFT_COMPILATION_MODE = wholemodule;
				VALIDATE_PRODUCT = YES;
			};
			name = Release;
		};
		BAD1FF262F7506A9002B5CBA /* Debug */ = {
			isa = XCBuildConfiguration;
			baseConfigurationReference = B8685DDCD25CDB98D22531B6 /* Pods-SDKDemoTests.debug.xcconfig */;
			buildSettings = {
				BUNDLE_LOADER = "$(TEST_HOST)";
				CODE_SIGN_STYLE = Automatic;
				CURRENT_PROJECT_VERSION = 1;
				DEVELOPMENT_TEAM = 4V63DMZ57Y;
				GENERATE_INFOPLIST_FILE = YES;
				IPHONEOS_DEPLOYMENT_TARGET = 26.2;
				MARKETING_VERSION = 1.0;
				PRODUCT_BUNDLE_IDENTIFIER = co.timekettle.saas.sdk.demo.SDKDemoTests;
				PRODUCT_NAME = "$(TARGET_NAME)";
				STRING_CATALOG_GENERATE_SYMBOLS = NO;
				SWIFT_APPROACHABLE_CONCURRENCY = YES;
				SWIFT_EMIT_LOC_STRINGS = NO;
				SWIFT_UPCOMING_FEATURE_MEMBER_IMPORT_VISIBILITY = YES;
				SWIFT_VERSION = 5.0;
				TARGETED_DEVICE_FAMILY = "1,2";
				TEST_HOST = "$(BUILT_PRODUCTS_DIR)/SDKDemo.app/$(BUNDLE_EXECUTABLE_FOLDER_PATH)/SDKDemo";
			};
			name = Debug;
		};
		BAD1FF272F7506A9002B5CBA /* Release */ = {
			isa = XCBuildConfiguration;
			baseConfigurationReference = 38DE459D5544B1118813492D /* Pods-SDKDemoTests.release.xcconfig */;
			buildSettings = {
				BUNDLE_LOADER = "$(TEST_HOST)";
				CODE_SIGN_STYLE = Automatic;
				CURRENT_PROJECT_VERSION = 1;
				DEVELOPMENT_TEAM = 4V63DMZ57Y;
				GENERATE_INFOPLIST_FILE = YES;
				IPHONEOS_DEPLOYMENT_TARGET = 26.2;
				MARKETING_VERSION = 1.0;
				PRODUCT_BUNDLE_IDENTIFIER = co.timekettle.saas.sdk.demo.SDKDemoTests;
				PRODUCT_NAME = "$(TARGET_NAME)";
				STRING_CATALOG_GENERATE_SYMBOLS = NO;
				SWIFT_APPROACHABLE_CONCURRENCY = YES;
				SWIFT_EMIT_LOC_STRINGS = NO;
				SWIFT_UPCOMING_FEATURE_MEMBER_IMPORT_VISIBILITY = YES;
				SWIFT_VERSION = 5.0;
				TARGETED_DEVICE_FAMILY = "1,2";
				TEST_HOST = "$(BUILT_PRODUCTS_DIR)/SDKDemo.app/$(BUNDLE_EXECUTABLE_FOLDER_PATH)/SDKDemo";
			};
			name = Release;
		};
		BAD1FF292F7506A9002B5CBA /* Debug */ = {
			isa = XCBuildConfiguration;
			baseConfigurationReference = EAA356AFE014DED079FDB479 /* Pods-SDKDemo-SDKDemoUITests.debug.xcconfig */;
			buildSettings = {
				CODE_SIGN_STYLE = Automatic;
				CURRENT_PROJECT_VERSION = 1;
				DEVELOPMENT_TEAM = 4V63DMZ57Y;
				GENERATE_INFOPLIST_FILE = YES;
				MARKETING_VERSION = 1.0;
				PRODUCT_BUNDLE_IDENTIFIER = co.timekettle.saas.sdk.demo.SDKDemoUITests;
				PRODUCT_NAME = "$(TARGET_NAME)";
				STRING_CATALOG_GENERATE_SYMBOLS = NO;
				SWIFT_APPROACHABLE_CONCURRENCY = YES;
				SWIFT_EMIT_LOC_STRINGS = NO;
				SWIFT_UPCOMING_FEATURE_MEMBER_IMPORT_VISIBILITY = YES;
				SWIFT_VERSION = 5.0;
				TARGETED_DEVICE_FAMILY = "1,2";
				TEST_TARGET_NAME = SDKDemo;
			};
			name = Debug;
		};
		BAD1FF2A2F7506A9002B5CBA /* Release */ = {
			isa = XCBuildConfiguration;
			baseConfigurationReference = A4400D9FE39D01A97A0E9066 /* Pods-SDKDemo-SDKDemoUITests.release.xcconfig */;
			buildSettings = {
				CODE_SIGN_STYLE = Automatic;
				CURRENT_PROJECT_VERSION = 1;
				DEVELOPMENT_TEAM = 4V63DMZ57Y;
				GENERATE_INFOPLIST_FILE = YES;
				MARKETING_VERSION = 1.0;
				PRODUCT_BUNDLE_IDENTIFIER = co.timekettle.saas.sdk.demo.SDKDemoUITests;
				PRODUCT_NAME = "$(TARGET_NAME)";
				STRING_CATALOG_GENERATE_SYMBOLS = NO;
				SWIFT_APPROACHABLE_CONCURRENCY = YES;
				SWIFT_EMIT_LOC_STRINGS = NO;
				SWIFT_UPCOMING_FEATURE_MEMBER_IMPORT_VISIBILITY = YES;
				SWIFT_VERSION = 5.0;
				TARGETED_DEVICE_FAMILY = "1,2";
				TEST_TARGET_NAME = SDKDemo;
			};
			name = Release;
		};
/* End XCBuildConfiguration section */

/* Begin XCConfigurationList section */
		BAD1FEF22F7506A8002B5CBA /* Build configuration list for PBXProject "SDKDemo" */ = {
			isa = XCConfigurationList;
			buildConfigurations = (
				BAD1FF232F7506A9002B5CBA /* Debug */,
				BAD1FF242F7506A9002B5CBA /* Release */,
			);
			defaultConfigurationIsVisible = 0;
			defaultConfigurationName = Release;
		};
		BAD1FF202F7506A9002B5CBA /* Build configuration list for PBXNativeTarget "SDKDemo" */ = {
			isa = XCConfigurationList;
			buildConfigurations = (
				BAD1FF212F7506A9002B5CBA /* Debug */,
				BAD1FF222F7506A9002B5CBA /* Release */,
			);
			defaultConfigurationIsVisible = 0;
			defaultConfigurationName = Release;
		};
		BAD1FF252F7506A9002B5CBA /* Build configuration list for PBXNativeTarget "SDKDemoTests" */ = {
			isa = XCConfigurationList;
			buildConfigurations = (
				BAD1FF262F7506A9002B5CBA /* Debug */,
				BAD1FF272F7506A9002B5CBA /* Release */,
			);
			defaultConfigurationIsVisible = 0;
			defaultConfigurationName = Release;
		};
		BAD1FF282F7506A9002B5CBA /* Build configuration list for PBXNativeTarget "SDKDemoUITests" */ = {
			isa = XCConfigurationList;
			buildConfigurations = (
				BAD1FF292F7506A9002B5CBA /* Debug */,
				BAD1FF2A2F7506A9002B5CBA /* Release */,
			);
			defaultConfigurationIsVisible = 0;
			defaultConfigurationName = Release;
		};
/* End XCConfigurationList section */
	};
	rootObject = BAD1FEEF2F7506A8002B5CBA /* Project object */;
}
